// !$*UTF8*$!
{
	archiveVersion = 1;
	classes = {
	};
	objectVersion = 56;
	objects = {

/* Begin PBXBuildFile section */
		739A2D9B293A2B7B000A437A /* CircleGroupView.swift in Sources */ = {isa = PBXBuildFile; fileRef = 739A2D9A293A2B7B000A437A /* CircleGroupView.swift */; };
		739A2D9D293A4139000A437A /* AudioPreyer.swift in Sources */ = {isa = PBXBuildFile; fileRef = 739A2D9C293A4139000A437A /* AudioPreyer.swift */; };
		73C2F977293A0E730058123B /* RestartApp.swift in Sources */ = {isa = PBXBuildFile; fileRef = 73C2F976293A0E730058123B /* RestartApp.swift */; };
		73C2F979293A0E730058123B /* ContentView.swift in Sources */ = {isa = PBXBuildFile; fileRef = 73C2F978293A0E730058123B /* ContentView.swift */; };
		73C2F97B293A0E760058123B /* Assets.xcassets in Resources */ = {isa = PBXBuildFile; fileRef = 73C2F97A293A0E760058123B /* Assets.xcassets */; };
		73C2F97E293A0E760058123B /* Preview Assets.xcassets in Resources */ = {isa = PBXBuildFile; fileRef = 73C2F97D293A0E760058123B /* Preview Assets.xcassets */; };
		73C2F98A293A0F980058123B /* chimeup.mp3 in Resources */ = {isa = PBXBuildFile; fileRef = 73C2F988293A0F980058123B /* chimeup.mp3 */; };
		73C2F98B293A0F980058123B /* success.m4a in Resources */ = {isa = PBXBuildFile; fileRef = 73C2F989293A0F980058123B /* success.m4a */; };
		73C2F992293A13870058123B /* OnboardingView.swift in Sources */ = {isa = PBXBuildFile; fileRef = 73C2F991293A13870058123B /* OnboardingView.swift */; };
		73C2F994293A13A60058123B /* HomeView.swift in Sources */ = {isa = PBXBuildFile; fileRef = 73C2F993293A13A60058123B /* HomeView.swift */; };
/* End PBXBuildFile section */

/* Begin PBXFileReference section */
		739A2D9A293A2B7B000A437A /* CircleGroupView.swift */ = {isa = PBXFileReference; lastKnownFileType = sourcecode.swift; path = CircleGroupView.swift; sourceTree = "<group>"; };
		739A2D9C293A4139000A437A /* AudioPreyer.swift */ = {isa = PBXFileReference; lastKnownFileType = sourcecode.swift; path = AudioPreyer.swift; sourceTree = "<group>"; };
		73C2F973293A0E730058123B /* Restart.app */ = {isa = PBXFileReference; explicitFileType = wrapper.application; includeInIndex = 0; path = Restart.app; sourceTree = BUILT_PRODUCTS_DIR; };
		73C2F976293A0E730058123B /* RestartApp.swift */ = {isa = PBXFileReference; lastKnownFileType = sourcecode.swift; path = RestartApp.swift; sourceTree = "<group>"; };
		73C2F978293A0E730058123B /* ContentView.swift */ = {isa = PBXFileReference; lastKnownFileType = sourcecode.swift; path = ContentView.swift; sourceTree = "<group>"; };
		73C2F97A293A0E760058123B /* Assets.xcassets */ = {isa = PBXFileReference; lastKnownFileType = folder.assetcatalog; path = Assets.xcassets; sourceTree = "<group>"; };
		73C2F97D293A0E760058123B /* Preview Assets.xcassets */ = {isa = PBXFileReference; lastKnownFileType = folder.assetcatalog; path = "Preview Assets.xcassets"; sourceTree = "<group>"; };
		73C2F988293A0F980058123B /* chimeup.mp3 */ = {isa = PBXFileReference; lastKnownFileType = audio.mp3; path = chimeup.mp3; sourceTree = "<group>"; };
		73C2F989293A0F980058123B /* success.m4a */ = {isa = PBXFileReference; lastKnownFileType = file; path = success.m4a; sourceTree = "<group>"; };
		73C2F990293A13270058123B /* Info.plist */ = {isa = PBXFileReference; lastKnownFileType = text.plist; path = Info.plist; sourceTree = "<group>"; };
		73C2F991293A13870058123B /* OnboardingView.swift */ = {isa = PBXFileReference; lastKnownFileType = sourcecode.swift; path = OnboardingView.swift; sourceTree = "<group>"; };
		73C2F993293A13A60058123B /* HomeView.swift */ = {isa = PBXFileReference; lastKnownFileType = sourcecode.swift; path = HomeView.swift; sourceTree = "<group>"; };
/* End PBXFileReference section */

/* Begin PBXFrameworksBuildPhase section */
		73C2F970293A0E730058123B /* Frameworks */ = {
			isa = PBXFrameworksBuildPhase;
			buildActionMask = 2147483647;
			files = (
			);
			runOnlyForDeploymentPostprocessing = 0;
		};
/* End PBXFrameworksBuildPhase section */

/* Begin PBXGroup section */
		73C2F96A293A0E720058123B = {
			isa = PBXGroup;
			children = (
				73C2F975293A0E730058123B /* Restart */,
				73C2F974293A0E730058123B /* Products */,
			);
			sourceTree = "<group>";
		};
		73C2F974293A0E730058123B /* Products */ = {
			isa = PBXGroup;
			children = (
				73C2F973293A0E730058123B /* Restart.app */,
			);
			name = Products;
			sourceTree = "<group>";
		};
		73C2F975293A0E730058123B /* Restart */ = {
			isa = PBXGroup;
			children = (
				73C2F990293A13270058123B /* Info.plist */,
				73C2F98F293A11270058123B /* Utilities */,
				73C2F98E293A11020058123B /* Views */,
				73C2F98C293A0FB00058123B /* Sounds */,
				73C2F976293A0E730058123B /* RestartApp.swift */,
				73C2F98D293A10E90058123B /* Screens */,
				73C2F97A293A0E760058123B /* Assets.xcassets */,
				73C2F97C293A0E760058123B /* Preview Content */,
			);
			path = Restart;
			sourceTree = "<group>";
		};
		73C2F97C293A0E760058123B /* Preview Content */ = {
			isa = PBXGroup;
			children = (
				73C2F97D293A0E760058123B /* Preview Assets.xcassets */,
			);
			path = "Preview Content";
			sourceTree = "<group>";
		};
		73C2F98C293A0FB00058123B /* Sounds */ = {
			isa = PBXGroup;
			children = (
				73C2F988293A0F980058123B /* chimeup.mp3 */,
				73C2F989293A0F980058123B /* success.m4a */,
			);
			path = Sounds;
			sourceTree = "<group>";
		};
		73C2F98D293A10E90058123B /* Screens */ = {
			isa = PBXGroup;
			children = (
				73C2F978293A0E730058123B /* ContentView.swift */,
				73C2F991293A13870058123B /* OnboardingView.swift */,
				73C2F993293A13A60058123B /* HomeView.swift */,
			);
			path = Screens;
			sourceTree = "<group>";
		};
		73C2F98E293A11020058123B /* Views */ = {
			isa = PBXGroup;
			children = (
				739A2D9A293A2B7B000A437A /* CircleGroupView.swift */,
			);
			path = Views;
			sourceTree = "<group>";
		};
		73C2F98F293A11270058123B /* Utilities */ = {
			isa = PBXGroup;
			children = (
				739A2D9C293A4139000A437A /* AudioPreyer.swift */,
			);
			path = Utilities;
			sourceTree = "<group>";
		};
/* End PBXGroup section */

/* Begin PBXNativeTarget section */
		73C2F972293A0E730058123B /* Restart */ = {
			isa = PBXNativeTarget;
			buildConfigurationList = 73C2F981293A0E760058123B /* Build configuration list for PBXNativeTarget "Restart" */;
			buildPhases = (
				73C2F96F293A0E730058123B /* Sources */,
				73C2F970293A0E730058123B /* Frameworks */,
				73C2F971293A0E730058123B /* Resources */,
			);
			buildRules = (
			);
			dependencies = (
			);
			name = Restart;
			productName = Restart;
			productReference = 73C2F973293A0E730058123B /* Restart.app */;
			productType = "com.apple.product-type.application";
		};
/* End PBXNativeTarget section */

/* Begin PBXProject section */
		73C2F96B293A0E720058123B /* Project object */ = {
			isa = PBXProject;
			attributes = {
				BuildIndependentTargetsInParallel = 1;
				LastSwiftUpdateCheck = 1400;
				LastUpgradeCheck = 1400;
				TargetAttributes = {
					73C2F972293A0E730058123B = {
						CreatedOnToolsVersion = 14.0.1;
					};
				};
			};
			buildConfigurationList = 73C2F96E293A0E720058123B /* Build configuration list for PBXProject "Restart" */;
			compatibilityVersion = "Xcode 14.0";
			developmentRegion = en;
			hasScannedForEncodings = 0;
			knownRegions = (
				en,
				Base,
			);
			mainGroup = 73C2F96A293A0E720058123B;
			productRefGroup = 73C2F974293A0E730058123B /* Products */;
			projectDirPath = "";
			projectRoot = "";
			targets = (
				73C2F972293A0E730058123B /* Restart */,
			);
		};
/* End PBXProject section */

/* Begin PBXResourcesBuildPhase section */
		73C2F971293A0E730058123B /* Resources */ = {
			isa = PBXResourcesBuildPhase;
			buildActionMask = 2147483647;
			files = (
				73C2F98B293A0F980058123B /* success.m4a in Resources */,
				73C2F98A293A0F980058123B /* chimeup.mp3 in Resources */,
				73C2F97E293A0E760058123B /* Preview Assets.xcassets in Resources */,
				73C2F97B293A0E760058123B /* Assets.xcassets in Resources */,
			);
			runOnlyForDeploymentPostprocessing = 0;
		};
/* End PBXResourcesBuildPhase section */

/* Begin PBXSourcesBuildPhase section */
		73C2F96F293A0E730058123B /* Sources */ = {
			isa = PBXSourcesBuildPhase;
			buildActionMask = 2147483647;
			files = (
				739A2D9B293A2B7B000A437A /* CircleGroupView.swift in Sources */,
				73C2F992293A13870058123B /* OnboardingView.swift in Sources */,
				73C2F994293A13A60058123B /* HomeView.swift in Sources */,
				73C2F979293A0E730058123B /* ContentView.swift in Sources */,
				73C2F977293A0E730058123B /* RestartApp.swift in Sources */,
				739A2D9D293A4139000A437A /* AudioPreyer.swift in Sources */,
			);
			runOnlyForDeploymentPostprocessing = 0;
		};
/* End PBXSourcesBuildPhase section */

/* Begin XCBuildConfiguration section */
		73C2F97F293A0E760058123B /* Debug */ = {
			isa = XCBuildConfiguration;
			buildSettings = {
				ALWAYS_SEARCH_USER_PATHS = NO;
				CLANG_ANALYZER_NONNULL = YES;
				CLANG_ANALYZER_NUMBER_OBJECT_CONVERSION = YES_AGGRESSIVE;
				CLANG_CXX_LANGUAGE_STANDARD = "gnu++20";
				CLANG_ENABLE_MODULES = YES;
				CLANG_ENABLE_OBJC_ARC = YES;
				CLANG_ENABLE_OBJC_WEAK = YES;
				CLANG_WARN_BLOCK_CAPTURE_AUTORELEASING = YES;
				CLANG_WARN_BOOL_CONVERSION = YES;
				CLANG_WARN_COMMA = YES;
				CLANG_WARN_CONSTANT_CONVERSION = YES;
				CLANG_WARN_DEPRECATED_OBJC_IMPLEMENTATIONS = YES;
				CLANG_WARN_DIRECT_OBJC_ISA_USAGE = YES_ERROR;
				CLANG_WARN_DOCUMENTATION_COMMENTS = YES;
				CLANG_WARN_EMPTY_BODY = YES;
				CLANG_WARN_ENUM_CONVERSION = YES;
				CLANG_WARN_INFINITE_RECURSION = YES;
				CLANG_WARN_INT_CONVERSION = YES;
				CLANG_WARN_NON_LITERAL_NULL_CONVERSION = YES;
				CLANG_WARN_OBJC_IMPLICIT_RETAIN_SELF = YES;
				CLANG_WARN_OBJC_LITERAL_CONVERSION = YES;
				CLANG_WARN_OBJC_ROOT_CLASS = YES_ERROR;
				CLANG_WARN_QUOTED_INCLUDE_IN_FRAMEWORK_HEADER = YES;
				CLANG_WARN_RANGE_LOOP_ANALYSIS = YES;
				CLANG_WARN_STRICT_PROTOTYPES = YES;
				CLANG_WARN_SUSPICIOUS_MOVE = YES;
				CLANG_WARN_UNGUARDED_AVAILABILITY = YES_AGGRESSIVE;
				CLANG_WARN_UNREACHABLE_CODE = YES;
				CLANG_WARN__DUPLICATE_METHOD_MATCH = YES;
				COPY_PHASE_STRIP = NO;
				DEBUG_INFORMATION_FORMAT = dwarf;
				ENABLE_STRICT_OBJC_MSGSEND = YES;
				ENABLE_TESTABILITY = YES;
				GCC_C_LANGUAGE_STANDARD = gnu11;
				GCC_DYNAMIC_NO_PIC = NO;
				GCC_NO_COMMON_BLOCKS = YES;
				GCC_OPTIMIZATION_LEVEL = 0;
				GCC_PREPROCESSOR_DEFINITIONS = (
					"DEBUG=1",
					"$(inherited)",
				);
				GCC_WARN_64_TO_32_BIT_CONVERSION = YES;
				GCC_WARN_ABOUT_RETURN_TYPE = YES_ERROR;
				GCC_WARN_UNDECLARED_SELECTOR = YES;
				GCC_WARN_UNINITIALIZED_AUTOS = YES_AGGRESSIVE;
				GCC_WARN_UNUSED_FUNCTION = YES;
				GCC_WARN_UNUSED_VARIABLE = YES;
				IPHONEOS_DEPLOYMENT_TARGET = 16.0;
				MTL_ENABLE_DEBUG_INFO = INCLUDE_SOURCE;
				MTL_FAST_MATH = YES;
				ONLY_ACTIVE_ARCH = YES;
				SDKROOT = iphoneos;
				SWIFT_ACTIVE_COMPILATION_CONDITIONS = DEBUG;
				SWIFT_OPTIMIZATION_LEVEL = "-Onone";
			};
			name = Debug;
		};
		73C2F980293A0E760058123B /* Release */ = {
			isa = XCBuildConfiguration;
			buildSettings = {
				ALWAYS_SEARCH_USER_PATHS = NO;
				CLANG_ANALYZER_NONNULL = YES;
				CLANG_ANALYZER_NUMBER_OBJECT_CONVERSION = YES_AGGRESSIVE;
				CLANG_CXX_LANGUAGE_STANDARD = "gnu++20";
				CLANG_ENABLE_MODULES = YES;
				CLANG_ENABLE_OBJC_ARC = YES;
				CLANG_ENABLE_OBJC_WEAK = YES;
				CLANG_WARN_BLOCK_CAPTURE_AUTORELEASING = YES;
				CLANG_WARN_BOOL_CONVERSION = YES;
				CLANG_WARN_COMMA = YES;
				CLANG_WARN_CONSTANT_CONVERSION = YES;
				CLANG_WARN_DEPRECATED_OBJC_IMPLEMENTATIONS = YES;
				CLANG_WARN_DIRECT_OBJC_ISA_USAGE = YES_ERROR;
				CLANG_WARN_DOCUMENTATION_COMMENTS = YES;
				CLANG_WARN_EMPTY_BODY = YES;
				CLANG_WARN_ENUM_CONVERSION = YES;
				CLANG_WARN_INFINITE_RECURSION = YES;
				CLANG_WARN_INT_CONVERSION = YES;
				CLANG_WARN_NON_LITERAL_NULL_CONVERSION = YES;
				CLANG_WARN_OBJC_IMPLICIT_RETAIN_SELF = YES;
				CLANG_WARN_OBJC_LITERAL_CONVERSION = YES;
				CLANG_WARN_OBJC_ROOT_CLASS = YES_ERROR;
				CLANG_WARN_QUOTED_INCLUDE_IN_FRAMEWORK_HEADER = YES;
				CLANG_WARN_RANGE_LOOP_ANALYSIS = YES;
				CLANG_WARN_STRICT_PROTOTYPES = YES;
				CLANG_WARN_SUSPICIOUS_MOVE = YES;
				CLANG_WARN_UNGUARDED_AVAILABILITY = YES_AGGRESSIVE;
				CLANG_WARN_UNREACHABLE_CODE = YES;
				CLANG_WARN__DUPLICATE_METHOD_MATCH = YES;
				COPY_PHASE_STRIP = NO;
				DEBUG_INFORMATION_FORMAT = "dwarf-with-dsym";
				ENABLE_NS_ASSERTIONS = NO;
				ENABLE_STRICT_OBJC_MSGSEND = YES;
				GCC_C_LANGUAGE_STANDARD = gnu11;
				GCC_NO_COMMON_BLOCKS = YES;
				GCC_WARN_64_TO_32_BIT_CONVERSION = YES;
				GCC_WARN_ABOUT_RETURN_TYPE = YES_ERROR;
				GCC_WARN_UNDECLARED_SELECTOR = YES;
				GCC_WARN_UNINITIALIZED_AUTOS = YES_AGGRESSIVE;
				GCC_WARN_UNUSED_FUNCTION = YES;
				GCC_WARN_UNUSED_VARIABLE = YES;
				IPHONEOS_DEPLOYMENT_TARGET = 16.0;
				MTL_ENABLE_DEBUG_INFO = NO;
				MTL_FAST_MATH = YES;
				SDKROOT = iphoneos;
				SWIFT_COMPILATION_MODE = wholemodule;
				SWIFT_OPTIMIZATION_LEVEL = "-O";
				VALIDATE_PRODUCT = YES;
			};
			name = Release;
		};
		73C2F982293A0E760058123B /* Debug */ = {
			isa = XCBuildConfiguration;
			buildSettings = {
				ASSETCATALOG_COMPILER_APPICON_NAME = AppIcon;
				ASSETCATALOG_COMPILER_GLOBAL_ACCENT_COLOR_NAME = AccentColor;
				CODE_SIGN_STYLE = Automatic;
				CURRENT_PROJECT_VERSION = 1;
				DEVELOPMENT_ASSET_PATHS = "\"Restart/Preview Content\"";
				DEVELOPMENT_TEAM = 5K5U64U7T6;
				ENABLE_PREVIEWS = YES;
				GENERATE_INFOPLIST_FILE = YES;
				INFOPLIST_FILE = Restart/Info.plist;
				INFOPLIST_KEY_UIApplicationSceneManifest_Generation = YES;
				INFOPLIST_KEY_UIApplicationSupportsIndirectInputEvents = YES;
				INFOPLIST_KEY_UISupportedInterfaceOrientations = UIInterfaceOrientationPortrait;
				IPHONEOS_DEPLOYMENT_TARGET = 15.0;
				LD_RUNPATH_SEARCH_PATHS = (
					"$(inherited)",
					"@executable_path/Frameworks",
				);
				MARKETING_VERSION = 1.0;
				PRODUCT_BUNDLE_IDENTIFIER = funduk.Restart;
				PRODUCT_NAME = "$(TARGET_NAME)";
				SWIFT_EMIT_LOC_STRINGS = YES;
				SWIFT_VERSION = 5.0;
				TARGETED_DEVICE_FAMILY = "1,2";
			};
			name = Debug;
		};
		73C2F983293A0E760058123B /* Release */ = {
			isa = XCBuildConfiguration;
			buildSettings = {
				ASSETCATALOG_COMPILER_APPICON_NAME = AppIcon;
				ASSETCATALOG_COMPILER_GLOBAL_ACCENT_COLOR_NAME = AccentColor;
				CODE_SIGN_STYLE = Automatic;
				CURRENT_PROJECT_VERSION = 1;
				DEVELOPMENT_ASSET_PATHS = "\"Restart/Preview Content\"";
				DEVELOPMENT_TEAM = 5K5U64U7T6;
				ENABLE_PREVIEWS = YES;
				GENERATE_INFOPLIST_FILE = YES;
				INFOPLIST_FILE = Restart/Info.plist;
				INFOPLIST_KEY_UIApplicationSceneManifest_Generation = YES;
				INFOPLIST_KEY_UIApplicationSupportsIndirectInputEvents = YES;
				INFOPLIST_KEY_UISupportedInterfaceOrientations = UIInterfaceOrientationPortrait;
				IPHONEOS_DEPLOYMENT_TARGET = 15.0;
				LD_RUNPATH_SEARCH_PATHS = (
					"$(inherited)",
					"@executable_path/Frameworks",
				);
				MARKETING_VERSION = 1.0;
				PRODUCT_BUNDLE_IDENTIFIER = funduk.Restart;
				PRODUCT_NAME = "$(TARGET_NAME)";
				SWIFT_EMIT_LOC_STRINGS = YES;
				SWIFT_VERSION = 5.0;
				TARGETED_DEVICE_FAMILY = "1,2";
			};
			name = Release;
		};
/* End XCBuildConfiguration section */

/* Begin XCConfigurationList section */
		73C2F96E293A0E720058123B /* Build configuration list for PBXProject "Restart" */ = {
			isa = XCConfigurationList;
			buildConfigurations = (
				73C2F97F293A0E760058123B /* Debug */,
				73C2F980293A0E760058123B /* Release */,
			);
			defaultConfigurationIsVisible = 0;
			defaultConfigurationName = Release;
		};
		73C2F981293A0E760058123B /* Build configuration list for PBXNativeTarget "Restart" */ = {
			isa = XCConfigurationList;
			buildConfigurations = (
				73C2F982293A0E760058123B /* Debug */,
				73C2F983293A0E760058123B /* Release */,
			);
			defaultConfigurationIsVisible = 0;
			defaultConfigurationName = Release;
		};
/* End XCConfigurationList section */
	};
	rootObject = 73C2F96B293A0E720058123B /* Project object */;
}
